// !$*UTF8*$!
{
	archiveVersion = 1;
	classes = {
	};
	objectVersion = 46;
	objects = {

/* Begin PBXBuildFile section */
		2622D22A1BE7CBBA00F9750E /* questionmark.jpeg in Resources */ = {isa = PBXBuildFile; fileRef = 2622D2291BE7CBBA00F9750E /* questionmark.jpeg */; settings = {ASSET_TAGS = (); }; };
		2622D2721BEAAAAE00F9750E /* libsqlite3.tbd in Frameworks */ = {isa = PBXBuildFile; fileRef = 2622D2701BEAA90B00F9750E /* libsqlite3.tbd */; };
		2622D2C11BECD91500F9750E /* Model.xcdatamodeld in Sources */ = {isa = PBXBuildFile; fileRef = 2622D2BF1BECD91500F9750E /* Model.xcdatamodeld */; settings = {ASSET_TAGS = (); }; };
		2622D2E91BF224F500F9750E /* CompanyCollectionViewCell.m in Sources */ = {isa = PBXBuildFile; fileRef = 2622D2E81BF224F500F9750E /* CompanyCollectionViewCell.m */; settings = {ASSET_TAGS = (); }; };
		2622D2EE1BF24B7A00F9750E /* ProductCollectionViewCell.m in Sources */ = {isa = PBXBuildFile; fileRef = 2622D2ED1BF24B7A00F9750E /* ProductCollectionViewCell.m */; settings = {ASSET_TAGS = (); }; };
		2651BF8B1BF4C6E1007E6C8A /* CompanyViewController.storyboard in Resources */ = {isa = PBXBuildFile; fileRef = 2651BF8A1BF4C6E1007E6C8A /* CompanyViewController.storyboard */; settings = {ASSET_TAGS = (); }; };
		2651BFB81BF4CE85007E6C8A /* Company+CoreDataProperties.m in Sources */ = {isa = PBXBuildFile; fileRef = 2651BFB11BF4CE85007E6C8A /* Company+CoreDataProperties.m */; settings = {ASSET_TAGS = (); }; };
		2651BFB91BF4CE85007E6C8A /* Company.m in Sources */ = {isa = PBXBuildFile; fileRef = 2651BFB31BF4CE85007E6C8A /* Company.m */; settings = {ASSET_TAGS = (); }; };
		2651BFBA1BF4CE85007E6C8A /* Product+CoreDataProperties.m in Sources */ = {isa = PBXBuildFile; fileRef = 2651BFB51BF4CE85007E6C8A /* Product+CoreDataProperties.m */; settings = {ASSET_TAGS = (); }; };
		2651BFBB1BF4CE85007E6C8A /* Product.m in Sources */ = {isa = PBXBuildFile; fileRef = 2651BFB71BF4CE85007E6C8A /* Product.m */; settings = {ASSET_TAGS = (); }; };
		26F046BA1BF60F5700125704 /* AFHTTPRequestOperation.m in Sources */ = {isa = PBXBuildFile; fileRef = 26F046A81BF60F5700125704 /* AFHTTPRequestOperation.m */; settings = {ASSET_TAGS = (); COMPILER_FLAGS = "-fobjc-arc"; }; };
		26F046BB1BF60F5700125704 /* AFHTTPRequestOperationManager.m in Sources */ = {isa = PBXBuildFile; fileRef = 26F046AA1BF60F5700125704 /* AFHTTPRequestOperationManager.m */; settings = {ASSET_TAGS = (); COMPILER_FLAGS = "-fobjc-arc"; }; };
		26F046BC1BF60F5700125704 /* AFHTTPSessionManager.m in Sources */ = {isa = PBXBuildFile; fileRef = 26F046AC1BF60F5700125704 /* AFHTTPSessionManager.m */; settings = {ASSET_TAGS = (); COMPILER_FLAGS = "-fobjc-arc"; }; };
		26F046BD1BF60F5700125704 /* AFNetworkReachabilityManager.m in Sources */ = {isa = PBXBuildFile; fileRef = 26F046AF1BF60F5700125704 /* AFNetworkReachabilityManager.m */; settings = {ASSET_TAGS = (); COMPILER_FLAGS = "-fobjc-arc"; }; };
		26F046BE1BF60F5700125704 /* AFSecurityPolicy.m in Sources */ = {isa = PBXBuildFile; fileRef = 26F046B11BF60F5700125704 /* AFSecurityPolicy.m */; settings = {ASSET_TAGS = (); COMPILER_FLAGS = "-fobjc-arc"; }; };
		26F046BF1BF60F5700125704 /* AFURLConnectionOperation.m in Sources */ = {isa = PBXBuildFile; fileRef = 26F046B31BF60F5700125704 /* AFURLConnectionOperation.m */; settings = {ASSET_TAGS = (); COMPILER_FLAGS = "-fobjc-arc"; }; };
		26F046C01BF60F5700125704 /* AFURLRequestSerialization.m in Sources */ = {isa = PBXBuildFile; fileRef = 26F046B51BF60F5700125704 /* AFURLRequestSerialization.m */; settings = {ASSET_TAGS = (); COMPILER_FLAGS = "-fobjc-arc"; }; };
		26F046C11BF60F5700125704 /* AFURLResponseSerialization.m in Sources */ = {isa = PBXBuildFile; fileRef = 26F046B71BF60F5700125704 /* AFURLResponseSerialization.m */; settings = {ASSET_TAGS = (); COMPILER_FLAGS = "-fobjc-arc"; }; };
		26F046C21BF60F5700125704 /* AFURLSessionManager.m in Sources */ = {isa = PBXBuildFile; fileRef = 26F046B91BF60F5700125704 /* AFURLSessionManager.m */; settings = {ASSET_TAGS = (); COMPILER_FLAGS = "-fobjc-arc"; }; };
		48A656B518163BF200746D36 /* Foundation.framework in Frameworks */ = {isa = PBXBuildFile; fileRef = 48A656B418163BF200746D36 /* Foundation.framework */; };
		48A656B718163BF200746D36 /* CoreGraphics.framework in Frameworks */ = {isa = PBXBuildFile; fileRef = 48A656B618163BF200746D36 /* CoreGraphics.framework */; };
		48A656B918163BF200746D36 /* UIKit.framework in Frameworks */ = {isa = PBXBuildFile; fileRef = 48A656B818163BF200746D36 /* UIKit.framework */; };
		48A656BF18163BF200746D36 /* InfoPlist.strings in Resources */ = {isa = PBXBuildFile; fileRef = 48A656BD18163BF200746D36 /* InfoPlist.strings */; };
		48A656C118163BF200746D36 /* main.m in Sources */ = {isa = PBXBuildFile; fileRef = 48A656C018163BF200746D36 /* main.m */; };
		48A656C518163BF200746D36 /* NavControllerAppDelegate.m in Sources */ = {isa = PBXBuildFile; fileRef = 48A656C418163BF200746D36 /* NavControllerAppDelegate.m */; };
		48A656C718163BF200746D36 /* Images.xcassets in Resources */ = {isa = PBXBuildFile; fileRef = 48A656C618163BF200746D36 /* Images.xcassets */; };
		48A656CE18163BF200746D36 /* XCTest.framework in Frameworks */ = {isa = PBXBuildFile; fileRef = 48A656CD18163BF200746D36 /* XCTest.framework */; };
		48A656CF18163BF200746D36 /* Foundation.framework in Frameworks */ = {isa = PBXBuildFile; fileRef = 48A656B418163BF200746D36 /* Foundation.framework */; };
		48A656D018163BF200746D36 /* UIKit.framework in Frameworks */ = {isa = PBXBuildFile; fileRef = 48A656B818163BF200746D36 /* UIKit.framework */; };
		48A656D818163BF200746D36 /* InfoPlist.strings in Resources */ = {isa = PBXBuildFile; fileRef = 48A656D618163BF200746D36 /* InfoPlist.strings */; };
		48A656DA18163BF200746D36 /* NavCtrlTests.m in Sources */ = {isa = PBXBuildFile; fileRef = 48A656D918163BF200746D36 /* NavCtrlTests.m */; };
		48A656E618163C1B00746D36 /* CompanyViewController.m in Sources */ = {isa = PBXBuildFile; fileRef = 48A656E418163C1B00746D36 /* CompanyViewController.m */; };
		48A656EB18163F8700746D36 /* ProductViewController.m in Sources */ = {isa = PBXBuildFile; fileRef = 48A656E918163F8700746D36 /* ProductViewController.m */; };
		48A656EE1816468000746D36 /* Sunflower.gif in Resources */ = {isa = PBXBuildFile; fileRef = 48A656ED1816468000746D36 /* Sunflower.gif */; };
		AA8B58141BE003BD0033648D /* applelogo.jpeg in Resources */ = {isa = PBXBuildFile; fileRef = AA8B58041BE003BD0033648D /* applelogo.jpeg */; };
		AA8B58151BE003BD0033648D /* galaxynotelogo.jpeg in Resources */ = {isa = PBXBuildFile; fileRef = AA8B58051BE003BD0033648D /* galaxynotelogo.jpeg */; };
		AA8B58161BE003BD0033648D /* galaxys4logo.jpeg in Resources */ = {isa = PBXBuildFile; fileRef = AA8B58061BE003BD0033648D /* galaxys4logo.jpeg */; };
		AA8B58171BE003BD0033648D /* galaxytablogo.jpeg in Resources */ = {isa = PBXBuildFile; fileRef = AA8B58071BE003BD0033648D /* galaxytablogo.jpeg */; };
		AA8B58181BE003BD0033648D /* googlelogo.jpeg in Resources */ = {isa = PBXBuildFile; fileRef = AA8B58081BE003BD0033648D /* googlelogo.jpeg */; };
		AA8B58191BE003BD0033648D /* ipadlogo.jpeg in Resources */ = {isa = PBXBuildFile; fileRef = AA8B58091BE003BD0033648D /* ipadlogo.jpeg */; };
		AA8B581A1BE003BD0033648D /* iphonelogo.jpeg in Resources */ = {isa = PBXBuildFile; fileRef = AA8B580A1BE003BD0033648D /* iphonelogo.jpeg */; };
		AA8B581B1BE003BD0033648D /* itouchlogo.jpeg in Resources */ = {isa = PBXBuildFile; fileRef = AA8B580B1BE003BD0033648D /* itouchlogo.jpeg */; };
		AA8B581C1BE003BD0033648D /* lumia640logo.jpeg in Resources */ = {isa = PBXBuildFile; fileRef = AA8B580C1BE003BD0033648D /* lumia640logo.jpeg */; };
		AA8B581D1BE003BD0033648D /* lumia640xllogo.jpeg in Resources */ = {isa = PBXBuildFile; fileRef = AA8B580D1BE003BD0033648D /* lumia640xllogo.jpeg */; };
		AA8B581E1BE003BD0033648D /* nexus6logo.jpeg in Resources */ = {isa = PBXBuildFile; fileRef = AA8B580E1BE003BD0033648D /* nexus6logo.jpeg */; };
		AA8B581F1BE003BD0033648D /* nexus7logo.jpeg in Resources */ = {isa = PBXBuildFile; fileRef = AA8B580F1BE003BD0033648D /* nexus7logo.jpeg */; };
		AA8B58201BE003BD0033648D /* nexus9logo.jpg in Resources */ = {isa = PBXBuildFile; fileRef = AA8B58101BE003BD0033648D /* nexus9logo.jpg */; };
		AA8B58211BE003BD0033648D /* nokia1520logo.jpeg in Resources */ = {isa = PBXBuildFile; fileRef = AA8B58111BE003BD0033648D /* nokia1520logo.jpeg */; };
		AA8B58221BE003BD0033648D /* nokialogo.jpeg in Resources */ = {isa = PBXBuildFile; fileRef = AA8B58121BE003BD0033648D /* nokialogo.jpeg */; };
		AA8B58231BE003BD0033648D /* samsunglogo.jpeg in Resources */ = {isa = PBXBuildFile; fileRef = AA8B58131BE003BD0033648D /* samsunglogo.jpeg */; };
		AA8B58271BE034C50033648D /* WebViewController.m in Sources */ = {isa = PBXBuildFile; fileRef = AA8B58251BE034C50033648D /* WebViewController.m */; };
		AA8B58281BE034C50033648D /* WebViewController.xib in Resources */ = {isa = PBXBuildFile; fileRef = AA8B58261BE034C50033648D /* WebViewController.xib */; };
		C9641F531BE24925002A3FF4 /* DataAccessObject.m in Sources */ = {isa = PBXBuildFile; fileRef = C9641F521BE24925002A3FF4 /* DataAccessObject.m */; };
		C9C202D71BE39F4D0014B5C5 /* AddCompanyViewController.m in Sources */ = {isa = PBXBuildFile; fileRef = C9C202D51BE39F4D0014B5C5 /* AddCompanyViewController.m */; settings = {ASSET_TAGS = (); }; };
		C9C202D81BE39F4D0014B5C5 /* AddCompanyViewController.xib in Resources */ = {isa = PBXBuildFile; fileRef = C9C202D61BE39F4D0014B5C5 /* AddCompanyViewController.xib */; settings = {ASSET_TAGS = (); }; };
		C9C202DE1BE3A79B0014B5C5 /* AddProductViewController.m in Sources */ = {isa = PBXBuildFile; fileRef = C9C202DC1BE3A79B0014B5C5 /* AddProductViewController.m */; settings = {ASSET_TAGS = (); }; };
		C9C202DF1BE3A79B0014B5C5 /* AddProductViewController.xib in Resources */ = {isa = PBXBuildFile; fileRef = C9C202DD1BE3A79B0014B5C5 /* AddProductViewController.xib */; settings = {ASSET_TAGS = (); }; };
/* End PBXBuildFile section */

/* Begin PBXContainerItemProxy section */
		48A656D118163BF200746D36 /* PBXContainerItemProxy */ = {
			isa = PBXContainerItemProxy;
			containerPortal = 48A656A918163BF200746D36 /* Project object */;
			proxyType = 1;
			remoteGlobalIDString = 48A656B018163BF200746D36;
			remoteInfo = NavCtrl;
		};
/* End PBXContainerItemProxy section */

/* Begin PBXFileReference section */
		2622D2291BE7CBBA00F9750E /* questionmark.jpeg */ = {isa = PBXFileReference; lastKnownFileType = image.jpeg; path = questionmark.jpeg; sourceTree = "<group>"; };
		2622D2701BEAA90B00F9750E /* libsqlite3.tbd */ = {isa = PBXFileReference; lastKnownFileType = "sourcecode.text-based-dylib-definition"; name = libsqlite3.tbd; path = usr/lib/libsqlite3.tbd; sourceTree = SDKROOT; };
		2622D27A1BEBDEC000F9750E /* Company.sql */ = {isa = PBXFileReference; lastKnownFileType = file; name = Company.sql; path = ../../Company.sql; sourceTree = "<group>"; };
		2622D2C01BECD91500F9750E /* Model.xcdatamodel */ = {isa = PBXFileReference; lastKnownFileType = wrapper.xcdatamodel; path = Model.xcdatamodel; sourceTree = "<group>"; };
		2622D2E71BF224F500F9750E /* CompanyCollectionViewCell.h */ = {isa = PBXFileReference; fileEncoding = 4; lastKnownFileType = sourcecode.c.h; path = CompanyCollectionViewCell.h; sourceTree = "<group>"; };
		2622D2E81BF224F500F9750E /* CompanyCollectionViewCell.m */ = {isa = PBXFileReference; fileEncoding = 4; lastKnownFileType = sourcecode.c.objc; path = CompanyCollectionViewCell.m; sourceTree = "<group>"; };
		2622D2EC1BF24B7A00F9750E /* ProductCollectionViewCell.h */ = {isa = PBXFileReference; fileEncoding = 4; lastKnownFileType = sourcecode.c.h; path = ProductCollectionViewCell.h; sourceTree = "<group>"; };
		2622D2ED1BF24B7A00F9750E /* ProductCollectionViewCell.m */ = {isa = PBXFileReference; fileEncoding = 4; lastKnownFileType = sourcecode.c.objc; path = ProductCollectionViewCell.m; sourceTree = "<group>"; };
		2651BF8A1BF4C6E1007E6C8A /* CompanyViewController.storyboard */ = {isa = PBXFileReference; fileEncoding = 4; lastKnownFileType = file.storyboard; path = CompanyViewController.storyboard; sourceTree = "<group>"; };
		2651BFB01BF4CE85007E6C8A /* Company+CoreDataProperties.h */ = {isa = PBXFileReference; fileEncoding = 4; lastKnownFileType = sourcecode.c.h; name = "Company+CoreDataProperties.h"; path = "../Company+CoreDataProperties.h"; sourceTree = "<group>"; };
		2651BFB11BF4CE85007E6C8A /* Company+CoreDataProperties.m */ = {isa = PBXFileReference; fileEncoding = 4; lastKnownFileType = sourcecode.c.objc; name = "Company+CoreDataProperties.m"; path = "../Company+CoreDataProperties.m"; sourceTree = "<group>"; };
		2651BFB21BF4CE85007E6C8A /* Company.h */ = {isa = PBXFileReference; fileEncoding = 4; lastKnownFileType = sourcecode.c.h; name = Company.h; path = ../Company.h; sourceTree = "<group>"; };
		2651BFB31BF4CE85007E6C8A /* Company.m */ = {isa = PBXFileReference; fileEncoding = 4; lastKnownFileType = sourcecode.c.objc; name = Company.m; path = ../Company.m; sourceTree = "<group>"; };
		2651BFB41BF4CE85007E6C8A /* Product+CoreDataProperties.h */ = {isa = PBXFileReference; fileEncoding = 4; lastKnownFileType = sourcecode.c.h; name = "Product+CoreDataProperties.h"; path = "../Product+CoreDataProperties.h"; sourceTree = "<group>"; };
		2651BFB51BF4CE85007E6C8A /* Product+CoreDataProperties.m */ = {isa = PBXFileReference; fileEncoding = 4; lastKnownFileType = sourcecode.c.objc; name = "Product+CoreDataProperties.m"; path = "../Product+CoreDataProperties.m"; sourceTree = "<group>"; };
		2651BFB61BF4CE85007E6C8A /* Product.h */ = {isa = PBXFileReference; fileEncoding = 4; lastKnownFileType = sourcecode.c.h; name = Product.h; path = ../Product.h; sourceTree = "<group>"; };
		2651BFB71BF4CE85007E6C8A /* Product.m */ = {isa = PBXFileReference; fileEncoding = 4; lastKnownFileType = sourcecode.c.objc; name = Product.m; path = ../Product.m; sourceTree = "<group>"; };
		26F046A71BF60F5700125704 /* AFHTTPRequestOperation.h */ = {isa = PBXFileReference; fileEncoding = 4; lastKnownFileType = sourcecode.c.h; path = AFHTTPRequestOperation.h; sourceTree = "<group>"; };
		26F046A81BF60F5700125704 /* AFHTTPRequestOperation.m */ = {isa = PBXFileReference; fileEncoding = 4; lastKnownFileType = sourcecode.c.objc; path = AFHTTPRequestOperation.m; sourceTree = "<group>"; };
		26F046A91BF60F5700125704 /* AFHTTPRequestOperationManager.h */ = {isa = PBXFileReference; fileEncoding = 4; lastKnownFileType = sourcecode.c.h; path = AFHTTPRequestOperationManager.h; sourceTree = "<group>"; };
		26F046AA1BF60F5700125704 /* AFHTTPRequestOperationManager.m */ = {isa = PBXFileReference; fileEncoding = 4; lastKnownFileType = sourcecode.c.objc; path = AFHTTPRequestOperationManager.m; sourceTree = "<group>"; };
		26F046AB1BF60F5700125704 /* AFHTTPSessionManager.h */ = {isa = PBXFileReference; fileEncoding = 4; lastKnownFileType = sourcecode.c.h; path = AFHTTPSessionManager.h; sourceTree = "<group>"; };
		26F046AC1BF60F5700125704 /* AFHTTPSessionManager.m */ = {isa = PBXFileReference; fileEncoding = 4; lastKnownFileType = sourcecode.c.objc; path = AFHTTPSessionManager.m; sourceTree = "<group>"; };
		26F046AD1BF60F5700125704 /* AFNetworking.h */ = {isa = PBXFileReference; fileEncoding = 4; lastKnownFileType = sourcecode.c.h; path = AFNetworking.h; sourceTree = "<group>"; };
		26F046AE1BF60F5700125704 /* AFNetworkReachabilityManager.h */ = {isa = PBXFileReference; fileEncoding = 4; lastKnownFileType = sourcecode.c.h; path = AFNetworkReachabilityManager.h; sourceTree = "<group>"; };
		26F046AF1BF60F5700125704 /* AFNetworkReachabilityManager.m */ = {isa = PBXFileReference; fileEncoding = 4; lastKnownFileType = sourcecode.c.objc; path = AFNetworkReachabilityManager.m; sourceTree = "<group>"; };
		26F046B01BF60F5700125704 /* AFSecurityPolicy.h */ = {isa = PBXFileReference; fileEncoding = 4; lastKnownFileType = sourcecode.c.h; path = AFSecurityPolicy.h; sourceTree = "<group>"; };
		26F046B11BF60F5700125704 /* AFSecurityPolicy.m */ = {isa = PBXFileReference; fileEncoding = 4; lastKnownFileType = sourcecode.c.objc; path = AFSecurityPolicy.m; sourceTree = "<group>"; };
		26F046B21BF60F5700125704 /* AFURLConnectionOperation.h */ = {isa = PBXFileReference; fileEncoding = 4; lastKnownFileType = sourcecode.c.h; path = AFURLConnectionOperation.h; sourceTree = "<group>"; };
		26F046B31BF60F5700125704 /* AFURLConnectionOperation.m */ = {isa = PBXFileReference; fileEncoding = 4; lastKnownFileType = sourcecode.c.objc; path = AFURLConnectionOperation.m; sourceTree = "<group>"; };
		26F046B41BF60F5700125704 /* AFURLRequestSerialization.h */ = {isa = PBXFileReference; fileEncoding = 4; lastKnownFileType = sourcecode.c.h; path = AFURLRequestSerialization.h; sourceTree = "<group>"; };
		26F046B51BF60F5700125704 /* AFURLRequestSerialization.m */ = {isa = PBXFileReference; fileEncoding = 4; lastKnownFileType = sourcecode.c.objc; path = AFURLRequestSerialization.m; sourceTree = "<group>"; };
		26F046B61BF60F5700125704 /* AFURLResponseSerialization.h */ = {isa = PBXFileReference; fileEncoding = 4; lastKnownFileType = sourcecode.c.h; path = AFURLResponseSerialization.h; sourceTree = "<group>"; };
		26F046B71BF60F5700125704 /* AFURLResponseSerialization.m */ = {isa = PBXFileReference; fileEncoding = 4; lastKnownFileType = sourcecode.c.objc; path = AFURLResponseSerialization.m; sourceTree = "<group>"; };
		26F046B81BF60F5700125704 /* AFURLSessionManager.h */ = {isa = PBXFileReference; fileEncoding = 4; lastKnownFileType = sourcecode.c.h; path = AFURLSessionManager.h; sourceTree = "<group>"; };
		26F046B91BF60F5700125704 /* AFURLSessionManager.m */ = {isa = PBXFileReference; fileEncoding = 4; lastKnownFileType = sourcecode.c.objc; path = AFURLSessionManager.m; sourceTree = "<group>"; };
		48A656B118163BF200746D36 /* NavCtrl.app */ = {isa = PBXFileReference; explicitFileType = wrapper.application; includeInIndex = 0; path = NavCtrl.app; sourceTree = BUILT_PRODUCTS_DIR; };
		48A656B418163BF200746D36 /* Foundation.framework */ = {isa = PBXFileReference; lastKnownFileType = wrapper.framework; name = Foundation.framework; path = System/Library/Frameworks/Foundation.framework; sourceTree = SDKROOT; };
		48A656B618163BF200746D36 /* CoreGraphics.framework */ = {isa = PBXFileReference; lastKnownFileType = wrapper.framework; name = CoreGraphics.framework; path = System/Library/Frameworks/CoreGraphics.framework; sourceTree = SDKROOT; };
		48A656B818163BF200746D36 /* UIKit.framework */ = {isa = PBXFileReference; lastKnownFileType = wrapper.framework; name = UIKit.framework; path = System/Library/Frameworks/UIKit.framework; sourceTree = SDKROOT; };
		48A656BC18163BF200746D36 /* NavCtrl-Info.plist */ = {isa = PBXFileReference; lastKnownFileType = text.plist.xml; path = "NavCtrl-Info.plist"; sourceTree = "<group>"; };
		48A656BE18163BF200746D36 /* en */ = {isa = PBXFileReference; lastKnownFileType = text.plist.strings; name = en; path = en.lproj/InfoPlist.strings; sourceTree = "<group>"; };
		48A656C018163BF200746D36 /* main.m */ = {isa = PBXFileReference; lastKnownFileType = sourcecode.c.objc; path = main.m; sourceTree = "<group>"; };
		48A656C218163BF200746D36 /* NavCtrl-Prefix.pch */ = {isa = PBXFileReference; lastKnownFileType = sourcecode.c.h; path = "NavCtrl-Prefix.pch"; sourceTree = "<group>"; };
		48A656C318163BF200746D36 /* NavControllerAppDelegate.h */ = {isa = PBXFileReference; lastKnownFileType = sourcecode.c.h; path = NavControllerAppDelegate.h; sourceTree = "<group>"; };
		48A656C418163BF200746D36 /* NavControllerAppDelegate.m */ = {isa = PBXFileReference; lastKnownFileType = sourcecode.c.objc; path = NavControllerAppDelegate.m; sourceTree = "<group>"; };
		48A656C618163BF200746D36 /* Images.xcassets */ = {isa = PBXFileReference; lastKnownFileType = folder.assetcatalog; path = Images.xcassets; sourceTree = "<group>"; };
		48A656CC18163BF200746D36 /* NavCtrlTests.xctest */ = {isa = PBXFileReference; explicitFileType = wrapper.cfbundle; includeInIndex = 0; path = NavCtrlTests.xctest; sourceTree = BUILT_PRODUCTS_DIR; };
		48A656CD18163BF200746D36 /* XCTest.framework */ = {isa = PBXFileReference; lastKnownFileType = wrapper.framework; name = XCTest.framework; path = Library/Frameworks/XCTest.framework; sourceTree = DEVELOPER_DIR; };
		48A656D518163BF200746D36 /* NavCtrlTests-Info.plist */ = {isa = PBXFileReference; lastKnownFileType = text.plist.xml; path = "NavCtrlTests-Info.plist"; sourceTree = "<group>"; };
		48A656D718163BF200746D36 /* en */ = {isa = PBXFileReference; lastKnownFileType = text.plist.strings; name = en; path = en.lproj/InfoPlist.strings; sourceTree = "<group>"; };
		48A656D918163BF200746D36 /* NavCtrlTests.m */ = {isa = PBXFileReference; lastKnownFileType = sourcecode.c.objc; path = NavCtrlTests.m; sourceTree = "<group>"; };
		48A656E318163C1B00746D36 /* CompanyViewController.h */ = {isa = PBXFileReference; fileEncoding = 4; lastKnownFileType = sourcecode.c.h; name = CompanyViewController.h; path = ../CompanyViewController.h; sourceTree = "<group>"; };
		48A656E418163C1B00746D36 /* CompanyViewController.m */ = {isa = PBXFileReference; fileEncoding = 4; lastKnownFileType = sourcecode.c.objc; name = CompanyViewController.m; path = ../CompanyViewController.m; sourceTree = "<group>"; };
		48A656E818163F8700746D36 /* ProductViewController.h */ = {isa = PBXFileReference; fileEncoding = 4; lastKnownFileType = sourcecode.c.h; name = ProductViewController.h; path = ../ProductViewController.h; sourceTree = "<group>"; };
		48A656E918163F8700746D36 /* ProductViewController.m */ = {isa = PBXFileReference; fileEncoding = 4; lastKnownFileType = sourcecode.c.objc; name = ProductViewController.m; path = ../ProductViewController.m; sourceTree = "<group>"; };
		48A656ED1816468000746D36 /* Sunflower.gif */ = {isa = PBXFileReference; lastKnownFileType = image.gif; path = Sunflower.gif; sourceTree = "<group>"; };
		AA8B58041BE003BD0033648D /* applelogo.jpeg */ = {isa = PBXFileReference; lastKnownFileType = image.jpeg; path = applelogo.jpeg; sourceTree = "<group>"; };
		AA8B58051BE003BD0033648D /* galaxynotelogo.jpeg */ = {isa = PBXFileReference; lastKnownFileType = image.jpeg; path = galaxynotelogo.jpeg; sourceTree = "<group>"; };
		AA8B58061BE003BD0033648D /* galaxys4logo.jpeg */ = {isa = PBXFileReference; lastKnownFileType = image.jpeg; path = galaxys4logo.jpeg; sourceTree = "<group>"; };
		AA8B58071BE003BD0033648D /* galaxytablogo.jpeg */ = {isa = PBXFileReference; lastKnownFileType = image.jpeg; path = galaxytablogo.jpeg; sourceTree = "<group>"; };
		AA8B58081BE003BD0033648D /* googlelogo.jpeg */ = {isa = PBXFileReference; lastKnownFileType = image.jpeg; path = googlelogo.jpeg; sourceTree = "<group>"; };
		AA8B58091BE003BD0033648D /* ipadlogo.jpeg */ = {isa = PBXFileReference; lastKnownFileType = image.jpeg; path = ipadlogo.jpeg; sourceTree = "<group>"; };
		AA8B580A1BE003BD0033648D /* iphonelogo.jpeg */ = {isa = PBXFileReference; lastKnownFileType = image.jpeg; path = iphonelogo.jpeg; sourceTree = "<group>"; };
		AA8B580B1BE003BD0033648D /* itouchlogo.jpeg */ = {isa = PBXFileReference; lastKnownFileType = image.jpeg; path = itouchlogo.jpeg; sourceTree = "<group>"; };
		AA8B580C1BE003BD0033648D /* lumia640logo.jpeg */ = {isa = PBXFileReference; lastKnownFileType = image.jpeg; path = lumia640logo.jpeg; sourceTree = "<group>"; };
		AA8B580D1BE003BD0033648D /* lumia640xllogo.jpeg */ = {isa = PBXFileReference; lastKnownFileType = image.jpeg; path = lumia640xllogo.jpeg; sourceTree = "<group>"; };
		AA8B580E1BE003BD0033648D /* nexus6logo.jpeg */ = {isa = PBXFileReference; lastKnownFileType = image.jpeg; path = nexus6logo.jpeg; sourceTree = "<group>"; };
		AA8B580F1BE003BD0033648D /* nexus7logo.jpeg */ = {isa = PBXFileReference; lastKnownFileType = image.jpeg; path = nexus7logo.jpeg; sourceTree = "<group>"; };
		AA8B58101BE003BD0033648D /* nexus9logo.jpg */ = {isa = PBXFileReference; lastKnownFileType = image.jpeg; path = nexus9logo.jpg; sourceTree = "<group>"; };
		AA8B58111BE003BD0033648D /* nokia1520logo.jpeg */ = {isa = PBXFileReference; lastKnownFileType = image.jpeg; path = nokia1520logo.jpeg; sourceTree = "<group>"; };
		AA8B58121BE003BD0033648D /* nokialogo.jpeg */ = {isa = PBXFileReference; lastKnownFileType = image.jpeg; path = nokialogo.jpeg; sourceTree = "<group>"; };
		AA8B58131BE003BD0033648D /* samsunglogo.jpeg */ = {isa = PBXFileReference; lastKnownFileType = image.jpeg; path = samsunglogo.jpeg; sourceTree = "<group>"; };
		AA8B58241BE034C50033648D /* WebViewController.h */ = {isa = PBXFileReference; fileEncoding = 4; lastKnownFileType = sourcecode.c.h; name = WebViewController.h; path = ../WebViewController.h; sourceTree = "<group>"; };
		AA8B58251BE034C50033648D /* WebViewController.m */ = {isa = PBXFileReference; fileEncoding = 4; lastKnownFileType = sourcecode.c.objc; name = WebViewController.m; path = ../WebViewController.m; sourceTree = "<group>"; };
		AA8B58261BE034C50033648D /* WebViewController.xib */ = {isa = PBXFileReference; fileEncoding = 4; lastKnownFileType = file.xib; name = WebViewController.xib; path = ../WebViewController.xib; sourceTree = "<group>"; };
		C9641F511BE24925002A3FF4 /* DataAccessObject.h */ = {isa = PBXFileReference; fileEncoding = 4; lastKnownFileType = sourcecode.c.h; path = DataAccessObject.h; sourceTree = "<group>"; };
		C9641F521BE24925002A3FF4 /* DataAccessObject.m */ = {isa = PBXFileReference; fileEncoding = 4; lastKnownFileType = sourcecode.c.objc; path = DataAccessObject.m; sourceTree = "<group>"; };
		C9C202D41BE39F4D0014B5C5 /* AddCompanyViewController.h */ = {isa = PBXFileReference; fileEncoding = 4; lastKnownFileType = sourcecode.c.h; path = AddCompanyViewController.h; sourceTree = "<group>"; };
		C9C202D51BE39F4D0014B5C5 /* AddCompanyViewController.m */ = {isa = PBXFileReference; fileEncoding = 4; lastKnownFileType = sourcecode.c.objc; path = AddCompanyViewController.m; sourceTree = "<group>"; };
		C9C202D61BE39F4D0014B5C5 /* AddCompanyViewController.xib */ = {isa = PBXFileReference; fileEncoding = 4; lastKnownFileType = file.xib; path = AddCompanyViewController.xib; sourceTree = "<group>"; };
		C9C202DB1BE3A79B0014B5C5 /* AddProductViewController.h */ = {isa = PBXFileReference; fileEncoding = 4; lastKnownFileType = sourcecode.c.h; path = AddProductViewController.h; sourceTree = "<group>"; };
		C9C202DC1BE3A79B0014B5C5 /* AddProductViewController.m */ = {isa = PBXFileReference; fileEncoding = 4; lastKnownFileType = sourcecode.c.objc; path = AddProductViewController.m; sourceTree = "<group>"; };
		C9C202DD1BE3A79B0014B5C5 /* AddProductViewController.xib */ = {isa = PBXFileReference; fileEncoding = 4; lastKnownFileType = file.xib; path = AddProductViewController.xib; sourceTree = "<group>"; };
/* End PBXFileReference section */

/* Begin PBXFrameworksBuildPhase section */
		48A656AE18163BF200746D36 /* Frameworks */ = {
			isa = PBXFrameworksBuildPhase;
			buildActionMask = 2147483647;
			files = (
				2622D2721BEAAAAE00F9750E /* libsqlite3.tbd in Frameworks */,
				48A656B718163BF200746D36 /* CoreGraphics.framework in Frameworks */,
				48A656B918163BF200746D36 /* UIKit.framework in Frameworks */,
				48A656B518163BF200746D36 /* Foundation.framework in Frameworks */,
			);
			runOnlyForDeploymentPostprocessing = 0;
		};
		48A656C918163BF200746D36 /* Frameworks */ = {
			isa = PBXFrameworksBuildPhase;
			buildActionMask = 2147483647;
			files = (
				48A656CE18163BF200746D36 /* XCTest.framework in Frameworks */,
				48A656D018163BF200746D36 /* UIKit.framework in Frameworks */,
				48A656CF18163BF200746D36 /* Foundation.framework in Frameworks */,
			);
			runOnlyForDeploymentPostprocessing = 0;
		};
/* End PBXFrameworksBuildPhase section */

/* Begin PBXGroup section */
		2622D2731BEABB4500F9750E /* Images */ = {
			isa = PBXGroup;
			children = (
				48A656ED1816468000746D36 /* Sunflower.gif */,
				AA8B58041BE003BD0033648D /* applelogo.jpeg */,
				AA8B58071BE003BD0033648D /* galaxytablogo.jpeg */,
				AA8B58081BE003BD0033648D /* googlelogo.jpeg */,
				AA8B58091BE003BD0033648D /* ipadlogo.jpeg */,
				AA8B580A1BE003BD0033648D /* iphonelogo.jpeg */,
				AA8B580B1BE003BD0033648D /* itouchlogo.jpeg */,
				AA8B580C1BE003BD0033648D /* lumia640logo.jpeg */,
				AA8B580D1BE003BD0033648D /* lumia640xllogo.jpeg */,
				AA8B580E1BE003BD0033648D /* nexus6logo.jpeg */,
				AA8B580F1BE003BD0033648D /* nexus7logo.jpeg */,
				AA8B58101BE003BD0033648D /* nexus9logo.jpg */,
				AA8B58111BE003BD0033648D /* nokia1520logo.jpeg */,
				AA8B58121BE003BD0033648D /* nokialogo.jpeg */,
				2622D2291BE7CBBA00F9750E /* questionmark.jpeg */,
				AA8B58131BE003BD0033648D /* samsunglogo.jpeg */,
				AA8B58051BE003BD0033648D /* galaxynotelogo.jpeg */,
				AA8B58061BE003BD0033648D /* galaxys4logo.jpeg */,
			);
			name = Images;
			sourceTree = "<group>";
		};
		2622D2D11BECDD2800F9750E /* Core Data */ = {
			isa = PBXGroup;
			children = (
				2622D2BF1BECD91500F9750E /* Model.xcdatamodeld */,
				2651BFB01BF4CE85007E6C8A /* Company+CoreDataProperties.h */,
				2651BFB11BF4CE85007E6C8A /* Company+CoreDataProperties.m */,
				2651BFB21BF4CE85007E6C8A /* Company.h */,
				2651BFB31BF4CE85007E6C8A /* Company.m */,
				2651BFB41BF4CE85007E6C8A /* Product+CoreDataProperties.h */,
				2651BFB51BF4CE85007E6C8A /* Product+CoreDataProperties.m */,
				2651BFB61BF4CE85007E6C8A /* Product.h */,
				2651BFB71BF4CE85007E6C8A /* Product.m */,
			);
			name = "Core Data";
			sourceTree = "<group>";
		};
		26F046A61BF60F5700125704 /* AFNetworking */ = {
			isa = PBXGroup;
			children = (
				26F046A71BF60F5700125704 /* AFHTTPRequestOperation.h */,
				26F046A81BF60F5700125704 /* AFHTTPRequestOperation.m */,
				26F046A91BF60F5700125704 /* AFHTTPRequestOperationManager.h */,
				26F046AA1BF60F5700125704 /* AFHTTPRequestOperationManager.m */,
				26F046AB1BF60F5700125704 /* AFHTTPSessionManager.h */,
				26F046AC1BF60F5700125704 /* AFHTTPSessionManager.m */,
				26F046AD1BF60F5700125704 /* AFNetworking.h */,
				26F046AE1BF60F5700125704 /* AFNetworkReachabilityManager.h */,
				26F046AF1BF60F5700125704 /* AFNetworkReachabilityManager.m */,
				26F046B01BF60F5700125704 /* AFSecurityPolicy.h */,
				26F046B11BF60F5700125704 /* AFSecurityPolicy.m */,
				26F046B21BF60F5700125704 /* AFURLConnectionOperation.h */,
				26F046B31BF60F5700125704 /* AFURLConnectionOperation.m */,
				26F046B41BF60F5700125704 /* AFURLRequestSerialization.h */,
				26F046B51BF60F5700125704 /* AFURLRequestSerialization.m */,
				26F046B61BF60F5700125704 /* AFURLResponseSerialization.h */,
				26F046B71BF60F5700125704 /* AFURLResponseSerialization.m */,
				26F046B81BF60F5700125704 /* AFURLSessionManager.h */,
				26F046B91BF60F5700125704 /* AFURLSessionManager.m */,
			);
			name = AFNetworking;
			path = "../../AFNetworking-master/AFNetworking";
			sourceTree = "<group>";
		};
		483796CB1BCBF7A00062D5AB /* AppDelegate */ = {
			isa = PBXGroup;
			children = (
				48A656C318163BF200746D36 /* NavControllerAppDelegate.h */,
				48A656C418163BF200746D36 /* NavControllerAppDelegate.m */,
			);
			name = AppDelegate;
			sourceTree = "<group>";
		};
		483796CC1BCBF7C70062D5AB /* CompanyViewController */ = {
			isa = PBXGroup;
			children = (
				48A656E318163C1B00746D36 /* CompanyViewController.h */,
				48A656E418163C1B00746D36 /* CompanyViewController.m */,
				2622D2E71BF224F500F9750E /* CompanyCollectionViewCell.h */,
				2622D2E81BF224F500F9750E /* CompanyCollectionViewCell.m */,
				2651BF8A1BF4C6E1007E6C8A /* CompanyViewController.storyboard */,
			);
			name = CompanyViewController;
			sourceTree = "<group>";
		};
		483796CD1BCBF7EB0062D5AB /* ProductViewController */ = {
			isa = PBXGroup;
			children = (
				48A656E818163F8700746D36 /* ProductViewController.h */,
				48A656E918163F8700746D36 /* ProductViewController.m */,
				2622D2EC1BF24B7A00F9750E /* ProductCollectionViewCell.h */,
				2622D2ED1BF24B7A00F9750E /* ProductCollectionViewCell.m */,
			);
			name = ProductViewController;
			sourceTree = "<group>";
		};
		48A656A818163BF200746D36 = {
			isa = PBXGroup;
			children = (
				48A656BA18163BF200746D36 /* NavCtrl */,
				48A656D318163BF200746D36 /* NavCtrlTests */,
				48A656B318163BF200746D36 /* Frameworks */,
				48A656B218163BF200746D36 /* Products */,
			);
			sourceTree = "<group>";
		};
		48A656B218163BF200746D36 /* Products */ = {
			isa = PBXGroup;
			children = (
				48A656B118163BF200746D36 /* NavCtrl.app */,
				48A656CC18163BF200746D36 /* NavCtrlTests.xctest */,
			);
			name = Products;
			sourceTree = "<group>";
		};
		48A656B318163BF200746D36 /* Frameworks */ = {
			isa = PBXGroup;
			children = (
				2622D27A1BEBDEC000F9750E /* Company.sql */,
				2622D2701BEAA90B00F9750E /* libsqlite3.tbd */,
				48A656B418163BF200746D36 /* Foundation.framework */,
				48A656B618163BF200746D36 /* CoreGraphics.framework */,
				48A656B818163BF200746D36 /* UIKit.framework */,
				48A656CD18163BF200746D36 /* XCTest.framework */,
			);
			name = Frameworks;
			sourceTree = "<group>";
		};
		48A656BA18163BF200746D36 /* NavCtrl */ = {
			isa = PBXGroup;
			children = (
				2622D2D11BECDD2800F9750E /* Core Data */,
				483796CB1BCBF7A00062D5AB /* AppDelegate */,
				483796CC1BCBF7C70062D5AB /* CompanyViewController */,
				483796CD1BCBF7EB0062D5AB /* ProductViewController */,
				C9641F541BE24930002A3FF4 /* DataAccessObject */,
				C9C202DA1BE3A76D0014B5C5 /* AddProductViewController */,
				C9C202D91BE39F570014B5C5 /* AddCompanyViewController */,
				26F046A61BF60F5700125704 /* AFNetworking */,
				AA8B582A1BE034E70033648D /* WebViewController */,
				48A656C618163BF200746D36 /* Images.xcassets */,
				48A656BB18163BF200746D36 /* Supporting Files */,
			);
			path = NavCtrl;
			sourceTree = "<group>";
		};
		48A656BB18163BF200746D36 /* Supporting Files */ = {
			isa = PBXGroup;
			children = (
				2622D2731BEABB4500F9750E /* Images */,
				48A656BC18163BF200746D36 /* NavCtrl-Info.plist */,
				48A656BD18163BF200746D36 /* InfoPlist.strings */,
				48A656C018163BF200746D36 /* main.m */,
				48A656C218163BF200746D36 /* NavCtrl-Prefix.pch */,
			);
			name = "Supporting Files";
			sourceTree = "<group>";
		};
		48A656D318163BF200746D36 /* NavCtrlTests */ = {
			isa = PBXGroup;
			children = (
				48A656D918163BF200746D36 /* NavCtrlTests.m */,
				48A656D418163BF200746D36 /* Supporting Files */,
			);
			path = NavCtrlTests;
			sourceTree = "<group>";
		};
		48A656D418163BF200746D36 /* Supporting Files */ = {
			isa = PBXGroup;
			children = (
				48A656D518163BF200746D36 /* NavCtrlTests-Info.plist */,
				48A656D618163BF200746D36 /* InfoPlist.strings */,
			);
			name = "Supporting Files";
			sourceTree = "<group>";
		};
		AA8B582A1BE034E70033648D /* WebViewController */ = {
			isa = PBXGroup;
			children = (
				AA8B58241BE034C50033648D /* WebViewController.h */,
				AA8B58251BE034C50033648D /* WebViewController.m */,
				AA8B58261BE034C50033648D /* WebViewController.xib */,
			);
			name = WebViewController;
			sourceTree = "<group>";
		};
		C9641F541BE24930002A3FF4 /* DataAccessObject */ = {
			isa = PBXGroup;
			children = (
				C9641F511BE24925002A3FF4 /* DataAccessObject.h */,
				C9641F521BE24925002A3FF4 /* DataAccessObject.m */,
			);
			name = DataAccessObject;
			sourceTree = "<group>";
		};
		C9C202D91BE39F570014B5C5 /* AddCompanyViewController */ = {
			isa = PBXGroup;
			children = (
				C9C202D41BE39F4D0014B5C5 /* AddCompanyViewController.h */,
				C9C202D51BE39F4D0014B5C5 /* AddCompanyViewController.m */,
				C9C202D61BE39F4D0014B5C5 /* AddCompanyViewController.xib */,
			);
			name = AddCompanyViewController;
			sourceTree = "<group>";
		};
		C9C202DA1BE3A76D0014B5C5 /* AddProductViewController */ = {
			isa = PBXGroup;
			children = (
				C9C202DB1BE3A79B0014B5C5 /* AddProductViewController.h */,
				C9C202DC1BE3A79B0014B5C5 /* AddProductViewController.m */,
				C9C202DD1BE3A79B0014B5C5 /* AddProductViewController.xib */,
			);
			name = AddProductViewController;
			sourceTree = "<group>";
		};
/* End PBXGroup section */

/* Begin PBXNativeTarget section */
		48A656B018163BF200746D36 /* NavCtrl */ = {
			isa = PBXNativeTarget;
			buildConfigurationList = 48A656DD18163BF200746D36 /* Build configuration list for PBXNativeTarget "NavCtrl" */;
			buildPhases = (
				48A656AD18163BF200746D36 /* Sources */,
				48A656AE18163BF200746D36 /* Frameworks */,
				48A656AF18163BF200746D36 /* Resources */,
			);
			buildRules = (
			);
			dependencies = (
			);
			name = NavCtrl;
			productName = NavCtrl;
			productReference = 48A656B118163BF200746D36 /* NavCtrl.app */;
			productType = "com.apple.product-type.application";
		};
		48A656CB18163BF200746D36 /* NavCtrlTests */ = {
			isa = PBXNativeTarget;
			buildConfigurationList = 48A656E018163BF200746D36 /* Build configuration list for PBXNativeTarget "NavCtrlTests" */;
			buildPhases = (
				48A656C818163BF200746D36 /* Sources */,
				48A656C918163BF200746D36 /* Frameworks */,
				48A656CA18163BF200746D36 /* Resources */,
			);
			buildRules = (
			);
			dependencies = (
				48A656D218163BF200746D36 /* PBXTargetDependency */,
			);
			name = NavCtrlTests;
			productName = NavCtrlTests;
			productReference = 48A656CC18163BF200746D36 /* NavCtrlTests.xctest */;
			productType = "com.apple.product-type.bundle.unit-test";
		};
/* End PBXNativeTarget section */

/* Begin PBXProject section */
		48A656A918163BF200746D36 /* Project object */ = {
			isa = PBXProject;
			attributes = {
				CLASSPREFIX = qcdDemo;
				LastUpgradeCheck = 0700;
				ORGANIZATIONNAME = "Aditya Narayan";
				TargetAttributes = {
					48A656B018163BF200746D36 = {
						DevelopmentTeam = 5668M8G28J;
					};
					48A656CB18163BF200746D36 = {
						TestTargetID = 48A656B018163BF200746D36;
					};
				};
			};
			buildConfigurationList = 48A656AC18163BF200746D36 /* Build configuration list for PBXProject "NavCtrl" */;
			compatibilityVersion = "Xcode 3.2";
			developmentRegion = English;
			hasScannedForEncodings = 0;
			knownRegions = (
				en,
			);
			mainGroup = 48A656A818163BF200746D36;
			productRefGroup = 48A656B218163BF200746D36 /* Products */;
			projectDirPath = "";
			projectRoot = "";
			targets = (
				48A656B018163BF200746D36 /* NavCtrl */,
				48A656CB18163BF200746D36 /* NavCtrlTests */,
			);
		};
/* End PBXProject section */

/* Begin PBXResourcesBuildPhase section */
		48A656AF18163BF200746D36 /* Resources */ = {
			isa = PBXResourcesBuildPhase;
			buildActionMask = 2147483647;
			files = (
				AA8B581B1BE003BD0033648D /* itouchlogo.jpeg in Resources */,
				AA8B58151BE003BD0033648D /* galaxynotelogo.jpeg in Resources */,
				48A656EE1816468000746D36 /* Sunflower.gif in Resources */,
				AA8B58161BE003BD0033648D /* galaxys4logo.jpeg in Resources */,
				AA8B581D1BE003BD0033648D /* lumia640xllogo.jpeg in Resources */,
				AA8B58141BE003BD0033648D /* applelogo.jpeg in Resources */,
				AA8B581E1BE003BD0033648D /* nexus6logo.jpeg in Resources */,
				AA8B58211BE003BD0033648D /* nokia1520logo.jpeg in Resources */,
				2622D22A1BE7CBBA00F9750E /* questionmark.jpeg in Resources */,
				AA8B58171BE003BD0033648D /* galaxytablogo.jpeg in Resources */,
				2651BF8B1BF4C6E1007E6C8A /* CompanyViewController.storyboard in Resources */,
				C9C202DF1BE3A79B0014B5C5 /* AddProductViewController.xib in Resources */,
				AA8B58191BE003BD0033648D /* ipadlogo.jpeg in Resources */,
				48A656BF18163BF200746D36 /* InfoPlist.strings in Resources */,
				48A656C718163BF200746D36 /* Images.xcassets in Resources */,
				AA8B58181BE003BD0033648D /* googlelogo.jpeg in Resources */,
				AA8B581C1BE003BD0033648D /* lumia640logo.jpeg in Resources */,
				AA8B58231BE003BD0033648D /* samsunglogo.jpeg in Resources */,
				AA8B58201BE003BD0033648D /* nexus9logo.jpg in Resources */,
				AA8B58221BE003BD0033648D /* nokialogo.jpeg in Resources */,
				C9C202D81BE39F4D0014B5C5 /* AddCompanyViewController.xib in Resources */,
				AA8B581F1BE003BD0033648D /* nexus7logo.jpeg in Resources */,
				AA8B581A1BE003BD0033648D /* iphonelogo.jpeg in Resources */,
				AA8B58281BE034C50033648D /* WebViewController.xib in Resources */,
			);
			runOnlyForDeploymentPostprocessing = 0;
		};
		48A656CA18163BF200746D36 /* Resources */ = {
			isa = PBXResourcesBuildPhase;
			buildActionMask = 2147483647;
			files = (
				48A656D818163BF200746D36 /* InfoPlist.strings in Resources */,
			);
			runOnlyForDeploymentPostprocessing = 0;
		};
/* End PBXResourcesBuildPhase section */

/* Begin PBXSourcesBuildPhase section */
		48A656AD18163BF200746D36 /* Sources */ = {
			isa = PBXSourcesBuildPhase;
			buildActionMask = 2147483647;
			files = (
				C9641F531BE24925002A3FF4 /* DataAccessObject.m in Sources */,
				2651BFB81BF4CE85007E6C8A /* Company+CoreDataProperties.m in Sources */,
				2622D2EE1BF24B7A00F9750E /* ProductCollectionViewCell.m in Sources */,
				26F046BC1BF60F5700125704 /* AFHTTPSessionManager.m in Sources */,
				48A656E618163C1B00746D36 /* CompanyViewController.m in Sources */,
				26F046BD1BF60F5700125704 /* AFNetworkReachabilityManager.m in Sources */,
				26F046BA1BF60F5700125704 /* AFHTTPRequestOperation.m in Sources */,
				26F046C01BF60F5700125704 /* AFURLRequestSerialization.m in Sources */,
				26F046BF1BF60F5700125704 /* AFURLConnectionOperation.m in Sources */,
				26F046C21BF60F5700125704 /* AFURLSessionManager.m in Sources */,
				2622D2E91BF224F500F9750E /* CompanyCollectionViewCell.m in Sources */,
				48A656C518163BF200746D36 /* NavControllerAppDelegate.m in Sources */,
				2651BFBB1BF4CE85007E6C8A /* Product.m in Sources */,
				48A656C118163BF200746D36 /* main.m in Sources */,
				AA8B58271BE034C50033648D /* WebViewController.m in Sources */,
				C9C202D71BE39F4D0014B5C5 /* AddCompanyViewController.m in Sources */,
				2651BFBA1BF4CE85007E6C8A /* Product+CoreDataProperties.m in Sources */,
				48A656EB18163F8700746D36 /* ProductViewController.m in Sources */,
				2651BFB91BF4CE85007E6C8A /* Company.m in Sources */,
				26F046BE1BF60F5700125704 /* AFSecurityPolicy.m in Sources */,
				C9C202DE1BE3A79B0014B5C5 /* AddProductViewController.m in Sources */,
				26F046BB1BF60F5700125704 /* AFHTTPRequestOperationManager.m in Sources */,
				2622D2C11BECD91500F9750E /* Model.xcdatamodeld in Sources */,
				26F046C11BF60F5700125704 /* AFURLResponseSerialization.m in Sources */,
			);
			runOnlyForDeploymentPostprocessing = 0;
		};
		48A656C818163BF200746D36 /* Sources */ = {
			isa = PBXSourcesBuildPhase;
			buildActionMask = 2147483647;
			files = (
				48A656DA18163BF200746D36 /* NavCtrlTests.m in Sources */,
			);
			runOnlyForDeploymentPostprocessing = 0;
		};
/* End PBXSourcesBuildPhase section */

/* Begin PBXTargetDependency section */
		48A656D218163BF200746D36 /* PBXTargetDependency */ = {
			isa = PBXTargetDependency;
			target = 48A656B018163BF200746D36 /* NavCtrl */;
			targetProxy = 48A656D118163BF200746D36 /* PBXContainerItemProxy */;
		};
/* End PBXTargetDependency section */

/* Begin PBXVariantGroup section */
		48A656BD18163BF200746D36 /* InfoPlist.strings */ = {
			isa = PBXVariantGroup;
			children = (
				48A656BE18163BF200746D36 /* en */,
			);
			name = InfoPlist.strings;
			sourceTree = "<group>";
		};
		48A656D618163BF200746D36 /* InfoPlist.strings */ = {
			isa = PBXVariantGroup;
			children = (
				48A656D718163BF200746D36 /* en */,
			);
			name = InfoPlist.strings;
			sourceTree = "<group>";
		};
/* End PBXVariantGroup section */

/* Begin XCBuildConfiguration section */
		48A656DB18163BF200746D36 /* Debug */ = {
			isa = XCBuildConfiguration;
			buildSettings = {
				ALWAYS_SEARCH_USER_PATHS = NO;
				CLANG_CXX_LANGUAGE_STANDARD = "gnu++0x";
				CLANG_CXX_LIBRARY = "libc++";
				CLANG_ENABLE_MODULES = YES;
				CLANG_ENABLE_OBJC_ARC = NO;
				CLANG_WARN_BOOL_CONVERSION = YES;
				CLANG_WARN_CONSTANT_CONVERSION = YES;
				CLANG_WARN_DIRECT_OBJC_ISA_USAGE = YES_ERROR;
				CLANG_WARN_EMPTY_BODY = YES;
				CLANG_WARN_ENUM_CONVERSION = YES;
				CLANG_WARN_INT_CONVERSION = YES;
				CLANG_WARN_OBJC_ROOT_CLASS = YES_ERROR;
				CLANG_WARN__DUPLICATE_METHOD_MATCH = YES;
				"CODE_SIGN_IDENTITY[sdk=iphoneos*]" = "iPhone Developer";
				COPY_PHASE_STRIP = NO;
				ENABLE_TESTABILITY = YES;
				GCC_C_LANGUAGE_STANDARD = gnu99;
				GCC_DYNAMIC_NO_PIC = NO;
				GCC_OPTIMIZATION_LEVEL = 0;
				GCC_PREPROCESSOR_DEFINITIONS = (
					"DEBUG=1",
					"$(inherited)",
				);
				GCC_SYMBOLS_PRIVATE_EXTERN = NO;
				GCC_WARN_64_TO_32_BIT_CONVERSION = YES;
				GCC_WARN_ABOUT_RETURN_TYPE = YES_ERROR;
				GCC_WARN_UNDECLARED_SELECTOR = YES;
				GCC_WARN_UNINITIALIZED_AUTOS = YES;
				GCC_WARN_UNUSED_FUNCTION = YES;
				GCC_WARN_UNUSED_VARIABLE = YES;
				IPHONEOS_DEPLOYMENT_TARGET = 7.0;
				ONLY_ACTIVE_ARCH = YES;
				SDKROOT = iphoneos;
				TARGETED_DEVICE_FAMILY = 2;
			};
			name = Debug;
		};
		48A656DC18163BF200746D36 /* Release */ = {
			isa = XCBuildConfiguration;
			buildSettings = {
				ALWAYS_SEARCH_USER_PATHS = NO;
				CLANG_CXX_LANGUAGE_STANDARD = "gnu++0x";
				CLANG_CXX_LIBRARY = "libc++";
				CLANG_ENABLE_MODULES = YES;
				CLANG_ENABLE_OBJC_ARC = NO;
				CLANG_WARN_BOOL_CONVERSION = YES;
				CLANG_WARN_CONSTANT_CONVERSION = YES;
				CLANG_WARN_DIRECT_OBJC_ISA_USAGE = YES_ERROR;
				CLANG_WARN_EMPTY_BODY = YES;
				CLANG_WARN_ENUM_CONVERSION = YES;
				CLANG_WARN_INT_CONVERSION = YES;
				CLANG_WARN_OBJC_ROOT_CLASS = YES_ERROR;
				CLANG_WARN__DUPLICATE_METHOD_MATCH = YES;
				"CODE_SIGN_IDENTITY[sdk=iphoneos*]" = "iPhone Developer";
				COPY_PHASE_STRIP = YES;
				ENABLE_NS_ASSERTIONS = NO;
				GCC_C_LANGUAGE_STANDARD = gnu99;
				GCC_WARN_64_TO_32_BIT_CONVERSION = YES;
				GCC_WARN_ABOUT_RETURN_TYPE = YES_ERROR;
				GCC_WARN_UNDECLARED_SELECTOR = YES;
				GCC_WARN_UNINITIALIZED_AUTOS = YES;
				GCC_WARN_UNUSED_FUNCTION = YES;
				GCC_WARN_UNUSED_VARIABLE = YES;
				IPHONEOS_DEPLOYMENT_TARGET = 7.0;
				SDKROOT = iphoneos;
				TARGETED_DEVICE_FAMILY = 2;
				VALIDATE_PRODUCT = YES;
			};
			name = Release;
		};
		48A656DE18163BF200746D36 /* Debug */ = {
			isa = XCBuildConfiguration;
			buildSettings = {
				ASSETCATALOG_COMPILER_APPICON_NAME = AppIcon;
				ASSETCATALOG_COMPILER_LAUNCHIMAGE_NAME = LaunchImage;
				CLANG_ENABLE_OBJC_ARC = NO;
				CODE_SIGN_IDENTITY = "iPhone Developer";
				"CODE_SIGN_IDENTITY[sdk=iphoneos*]" = "iPhone Developer";
				GCC_PRECOMPILE_PREFIX_HEADER = YES;
				GCC_PREFIX_HEADER = "NavCtrl/NavCtrl-Prefix.pch";
				INFOPLIST_FILE = "NavCtrl/NavCtrl-Info.plist";
				PRODUCT_BUNDLE_IDENTIFIER = "qcd.${PRODUCT_NAME:rfc1034identifier}";
				PRODUCT_NAME = "$(TARGET_NAME)";
				PROVISIONING_PROFILE = "";
				TARGETED_DEVICE_FAMILY = "1,2";
				WRAPPER_EXTENSION = app;
			};
			name = Debug;
		};
		48A656DF18163BF200746D36 /* Release */ = {
			isa = XCBuildConfiguration;
			buildSettings = {
				ASSETCATALOG_COMPILER_APPICON_NAME = AppIcon;
				ASSETCATALOG_COMPILER_LAUNCHIMAGE_NAME = LaunchImage;
				CLANG_ENABLE_OBJC_ARC = NO;
				CODE_SIGN_IDENTITY = "iPhone Developer";
				"CODE_SIGN_IDENTITY[sdk=iphoneos*]" = "iPhone Developer";
				GCC_PRECOMPILE_PREFIX_HEADER = YES;
				GCC_PREFIX_HEADER = "NavCtrl/NavCtrl-Prefix.pch";
				INFOPLIST_FILE = "NavCtrl/NavCtrl-Info.plist";
				PRODUCT_BUNDLE_IDENTIFIER = "qcd.${PRODUCT_NAME:rfc1034identifier}";
				PRODUCT_NAME = "$(TARGET_NAME)";
				PROVISIONING_PROFILE = "";
				TARGETED_DEVICE_FAMILY = "1,2";
				WRAPPER_EXTENSION = app;
			};
			name = Release;
		};
		48A656E118163BF200746D36 /* Debug */ = {
			isa = XCBuildConfiguration;
			buildSettings = {
				BUNDLE_LOADER = "$(BUILT_PRODUCTS_DIR)/NavCtrl.app/NavCtrl";
				FRAMEWORK_SEARCH_PATHS = (
					"$(SDKROOT)/Developer/Library/Frameworks",
					"$(inherited)",
					"$(DEVELOPER_FRAMEWORKS_DIR)",
				);
				GCC_PRECOMPILE_PREFIX_HEADER = YES;
				GCC_PREFIX_HEADER = "NavCtrl/NavCtrl-Prefix.pch";
				GCC_PREPROCESSOR_DEFINITIONS = (
					"DEBUG=1",
					"$(inherited)",
				);
				INFOPLIST_FILE = "NavCtrlTests/NavCtrlTests-Info.plist";
				PRODUCT_BUNDLE_IDENTIFIER = "qcd.${PRODUCT_NAME:rfc1034identifier}";
				PRODUCT_NAME = "$(TARGET_NAME)";
				TEST_HOST = "$(BUNDLE_LOADER)";
				WRAPPER_EXTENSION = xctest;
			};
			name = Debug;
		};
		48A656E218163BF200746D36 /* Release */ = {
			isa = XCBuildConfiguration;
			buildSettings = {
				BUNDLE_LOADER = "$(BUILT_PRODUCTS_DIR)/NavCtrl.app/NavCtrl";
				FRAMEWORK_SEARCH_PATHS = (
					"$(SDKROOT)/Developer/Library/Frameworks",
					"$(inherited)",
					"$(DEVELOPER_FRAMEWORKS_DIR)",
				);
				GCC_PRECOMPILE_PREFIX_HEADER = YES;
				GCC_PREFIX_HEADER = "NavCtrl/NavCtrl-Prefix.pch";
				INFOPLIST_FILE = "NavCtrlTests/NavCtrlTests-Info.plist";
				PRODUCT_BUNDLE_IDENTIFIER = "qcd.${PRODUCT_NAME:rfc1034identifier}";
				PRODUCT_NAME = "$(TARGET_NAME)";
				TEST_HOST = "$(BUNDLE_LOADER)";
				WRAPPER_EXTENSION = xctest;
			};
			name = Release;
		};
/* End XCBuildConfiguration section */

/* Begin XCConfigurationList section */
		48A656AC18163BF200746D36 /* Build configuration list for PBXProject "NavCtrl" */ = {
			isa = XCConfigurationList;
			buildConfigurations = (
				48A656DB18163BF200746D36 /* Debug */,
				48A656DC18163BF200746D36 /* Release */,
			);
			defaultConfigurationIsVisible = 0;
			defaultConfigurationName = Release;
		};
		48A656DD18163BF200746D36 /* Build configuration list for PBXNativeTarget "NavCtrl" */ = {
			isa = XCConfigurationList;
			buildConfigurations = (
				48A656DE18163BF200746D36 /* Debug */,
				48A656DF18163BF200746D36 /* Release */,
			);
			defaultConfigurationIsVisible = 0;
			defaultConfigurationName = Release;
		};
		48A656E018163BF200746D36 /* Build configuration list for PBXNativeTarget "NavCtrlTests" */ = {
			isa = XCConfigurationList;
			buildConfigurations = (
				48A656E118163BF200746D36 /* Debug */,
				48A656E218163BF200746D36 /* Release */,
			);
			defaultConfigurationIsVisible = 0;
			defaultConfigurationName = Release;
		};
/* End XCConfigurationList section */

/* Begin XCVersionGroup section */
		2622D2BF1BECD91500F9750E /* Model.xcdatamodeld */ = {
			isa = XCVersionGroup;
			children = (
				2622D2C01BECD91500F9750E /* Model.xcdatamodel */,
			);
			currentVersion = 2622D2C01BECD91500F9750E /* Model.xcdatamodel */;
			path = Model.xcdatamodeld;
			sourceTree = "<group>";
			versionGroupType = wrapper.xcdatamodel;
		};
/* End XCVersionGroup section */
	};
	rootObject = 48A656A918163BF200746D36 /* Project object */;
}
