// !$*UTF8*$!
{
	archiveVersion = 1;
	classes = {
	};
	objectVersion = 45;
	objects = {

/* Begin PBXBuildFile section */
		1D60589B0D05DD56006BFB54 /* main.m in Sources */ = {isa = PBXBuildFile; fileRef = 29B97316FDCFA39411CA2CEA /* main.m */; };
		1D60589F0D05DD5A006BFB54 /* Foundation.framework in Frameworks */ = {isa = PBXBuildFile; fileRef = 1D30AB110D05D00D00671497 /* Foundation.framework */; };
		1DF5F4E00D08C38300B7A737 /* UIKit.framework in Frameworks */ = {isa = PBXBuildFile; fileRef = 1DF5F4DF0D08C38300B7A737 /* UIKit.framework */; };
		288765FD0DF74451002DB57D /* CoreGraphics.framework in Frameworks */ = {isa = PBXBuildFile; fileRef = 288765FC0DF74451002DB57D /* CoreGraphics.framework */; };
		AB5808680FFBD8A3003877B2 /* MyAppDelegate.m in Sources */ = {isa = PBXBuildFile; fileRef = AB58085F0FFBD8A3003877B2 /* MyAppDelegate.m */; };
		AB5808690FFBD8A3003877B2 /* MyListController.m in Sources */ = {isa = PBXBuildFile; fileRef = AB5808610FFBD8A3003877B2 /* MyListController.m */; };
		AB58086A0FFBD8A3003877B2 /* MyDetailController.m in Sources */ = {isa = PBXBuildFile; fileRef = AB5808630FFBD8A3003877B2 /* MyDetailController.m */; };
		AB58086B0FFBD8A3003877B2 /* Book.m in Sources */ = {isa = PBXBuildFile; fileRef = AB5808650FFBD8A3003877B2 /* Book.m */; };
		AB580A020FFC15A1003877B2 /* Bacon.jpg in Resources */ = {isa = PBXBuildFile; fileRef = AB5809FE0FFC15A1003877B2 /* Bacon.jpg */; };
		AB580A030FFC15A1003877B2 /* Eliot.jpg in Resources */ = {isa = PBXBuildFile; fileRef = AB5809FF0FFC15A1003877B2 /* Eliot.jpg */; };
		AB580A040FFC15A1003877B2 /* Hemingway.jpg in Resources */ = {isa = PBXBuildFile; fileRef = AB580A000FFC15A1003877B2 /* Hemingway.jpg */; };
		AB580A050FFC15A1003877B2 /* Tolstoy.jpg in Resources */ = {isa = PBXBuildFile; fileRef = AB580A010FFC15A1003877B2 /* Tolstoy.jpg */; };
		AB580A300FFC2253003877B2 /* UIImage+Resizing.m in Sources */ = {isa = PBXBuildFile; fileRef = AB580A2F0FFC2253003877B2 /* UIImage+Resizing.m */; };
		AB580A600FFC24AF003877B2 /* Austen.jpg in Resources */ = {isa = PBXBuildFile; fileRef = AB580A5F0FFC24AF003877B2 /* Austen.jpg */; };
		AB580AA10FFCEA15003877B2 /* NoImage.png in Resources */ = {isa = PBXBuildFile; fileRef = AB580AA00FFCEA15003877B2 /* NoImage.png */; };
		AB580AD30FFCF315003877B2 /* EditableDetailCell.m in Sources */ = {isa = PBXBuildFile; fileRef = AB580AD20FFCF315003877B2 /* EditableDetailCell.m */; };
		AB5814111002ADF7003877B2 /* AppIcon.png in Resources */ = {isa = PBXBuildFile; fileRef = AB5814101002ADF7003877B2 /* AppIcon.png */; };
		AB5815231003F1D4003877B2 /* Default.png in Resources */ = {isa = PBXBuildFile; fileRef = AB5815221003F1D4003877B2 /* Default.png */; };
/* End PBXBuildFile section */

/* Begin PBXFileReference section */
		1D30AB110D05D00D00671497 /* Foundation.framework */ = {isa = PBXFileReference; lastKnownFileType = wrapper.framework; name = Foundation.framework; path = System/Library/Frameworks/Foundation.framework; sourceTree = SDKROOT; };
		1D6058910D05DD3D006BFB54 /* Editable TableView.app */ = {isa = PBXFileReference; explicitFileType = wrapper.application; includeInIndex = 0; path = "Editable TableView.app"; sourceTree = BUILT_PRODUCTS_DIR; };
		1DF5F4DF0D08C38300B7A737 /* UIKit.framework */ = {isa = PBXFileReference; lastKnownFileType = wrapper.framework; name = UIKit.framework; path = System/Library/Frameworks/UIKit.framework; sourceTree = SDKROOT; };
		288765FC0DF74451002DB57D /* CoreGraphics.framework */ = {isa = PBXFileReference; lastKnownFileType = wrapper.framework; name = CoreGraphics.framework; path = System/Library/Frameworks/CoreGraphics.framework; sourceTree = SDKROOT; };
		29B97316FDCFA39411CA2CEA /* main.m */ = {isa = PBXFileReference; fileEncoding = 4; lastKnownFileType = sourcecode.c.objc; path = main.m; sourceTree = "<group>"; };
		32CA4F630368D1EE00C91783 /* Editable_TableView_Prefix.pch */ = {isa = PBXFileReference; fileEncoding = 4; lastKnownFileType = sourcecode.c.h; path = Editable_TableView_Prefix.pch; sourceTree = "<group>"; };
		8D1107310486CEB800E47090 /* Info.plist */ = {isa = PBXFileReference; fileEncoding = 4; lastKnownFileType = text.plist.xml; path = Info.plist; sourceTree = "<group>"; };
		AB58085E0FFBD8A3003877B2 /* MyAppDelegate.h */ = {isa = PBXFileReference; fileEncoding = 4; lastKnownFileType = sourcecode.c.h; path = MyAppDelegate.h; sourceTree = "<group>"; };
		AB58085F0FFBD8A3003877B2 /* MyAppDelegate.m */ = {isa = PBXFileReference; fileEncoding = 4; lastKnownFileType = sourcecode.c.objc; path = MyAppDelegate.m; sourceTree = "<group>"; };
		AB5808600FFBD8A3003877B2 /* MyListController.h */ = {isa = PBXFileReference; fileEncoding = 4; lastKnownFileType = sourcecode.c.h; path = MyListController.h; sourceTree = "<group>"; };
		AB5808610FFBD8A3003877B2 /* MyListController.m */ = {isa = PBXFileReference; fileEncoding = 4; lastKnownFileType = sourcecode.c.objc; path = MyListController.m; sourceTree = "<group>"; };
		AB5808620FFBD8A3003877B2 /* MyDetailController.h */ = {isa = PBXFileReference; fileEncoding = 4; lastKnownFileType = sourcecode.c.h; path = MyDetailController.h; sourceTree = "<group>"; };
		AB5808630FFBD8A3003877B2 /* MyDetailController.m */ = {isa = PBXFileReference; fileEncoding = 4; lastKnownFileType = sourcecode.c.objc; path = MyDetailController.m; sourceTree = "<group>"; };
		AB5808640FFBD8A3003877B2 /* Book.h */ = {isa = PBXFileReference; fileEncoding = 4; lastKnownFileType = sourcecode.c.h; path = Book.h; sourceTree = "<group>"; };
		AB5808650FFBD8A3003877B2 /* Book.m */ = {isa = PBXFileReference; fileEncoding = 4; lastKnownFileType = sourcecode.c.objc; path = Book.m; sourceTree = "<group>"; };
		AB5809FE0FFC15A1003877B2 /* Bacon.jpg */ = {isa = PBXFileReference; lastKnownFileType = image.jpeg; path = Bacon.jpg; sourceTree = "<group>"; };
		AB5809FF0FFC15A1003877B2 /* Eliot.jpg */ = {isa = PBXFileReference; lastKnownFileType = image.jpeg; path = Eliot.jpg; sourceTree = "<group>"; };
		AB580A000FFC15A1003877B2 /* Hemingway.jpg */ = {isa = PBXFileReference; lastKnownFileType = image.jpeg; path = Hemingway.jpg; sourceTree = "<group>"; };
		AB580A010FFC15A1003877B2 /* Tolstoy.jpg */ = {isa = PBXFileReference; lastKnownFileType = image.jpeg; path = Tolstoy.jpg; sourceTree = "<group>"; };
		AB580A2E0FFC2253003877B2 /* UIImage+Resizing.h */ = {isa = PBXFileReference; fileEncoding = 4; lastKnownFileType = sourcecode.c.h; path = "UIImage+Resizing.h"; sourceTree = "<group>"; };
		AB580A2F0FFC2253003877B2 /* UIImage+Resizing.m */ = {isa = PBXFileReference; fileEncoding = 4; lastKnownFileType = sourcecode.c.objc; path = "UIImage+Resizing.m"; sourceTree = "<group>"; };
		AB580A5F0FFC24AF003877B2 /* Austen.jpg */ = {isa = PBXFileReference; lastKnownFileType = image.jpeg; path = Austen.jpg; sourceTree = "<group>"; };
		AB580A7B0FFCE7E9003877B2 /* NoImage.gif */ = {isa = PBXFileReference; lastKnownFileType = image.gif; path = NoImage.gif; sourceTree = "<group>"; };
		AB580AA00FFCEA15003877B2 /* NoImage.png */ = {isa = PBXFileReference; lastKnownFileType = image.png; path = NoImage.png; sourceTree = "<group>"; };
		AB580AD10FFCF315003877B2 /* EditableDetailCell.h */ = {isa = PBXFileReference; fileEncoding = 4; lastKnownFileType = sourcecode.c.h; path = EditableDetailCell.h; sourceTree = "<group>"; };
		AB580AD20FFCF315003877B2 /* EditableDetailCell.m */ = {isa = PBXFileReference; fileEncoding = 4; lastKnownFileType = sourcecode.c.objc; path = EditableDetailCell.m; sourceTree = "<group>"; };
		AB5814101002ADF7003877B2 /* AppIcon.png */ = {isa = PBXFileReference; lastKnownFileType = image.png; path = AppIcon.png; sourceTree = "<group>"; };
		AB5815221003F1D4003877B2 /* Default.png */ = {isa = PBXFileReference; lastKnownFileType = image.png; path = Default.png; sourceTree = "<group>"; };
/* End PBXFileReference section */

/* Begin PBXFrameworksBuildPhase section */
		1D60588F0D05DD3D006BFB54 /* Frameworks */ = {
			isa = PBXFrameworksBuildPhase;
			buildActionMask = 2147483647;
			files = (
				1D60589F0D05DD5A006BFB54 /* Foundation.framework in Frameworks */,
				1DF5F4E00D08C38300B7A737 /* UIKit.framework in Frameworks */,
				288765FD0DF74451002DB57D /* CoreGraphics.framework in Frameworks */,
			);
			runOnlyForDeploymentPostprocessing = 0;
		};
/* End PBXFrameworksBuildPhase section */

/* Begin PBXGroup section */
		080E96DDFE201D6D7F000001 /* Classes */ = {
			isa = PBXGroup;
			children = (
				AB58085E0FFBD8A3003877B2 /* MyAppDelegate.h */,
				AB58085F0FFBD8A3003877B2 /* MyAppDelegate.m */,
				AB580A2E0FFC2253003877B2 /* UIImage+Resizing.h */,
				AB580A2F0FFC2253003877B2 /* UIImage+Resizing.m */,
				AB5808600FFBD8A3003877B2 /* MyListController.h */,
				AB5808610FFBD8A3003877B2 /* MyListController.m */,
				AB5808620FFBD8A3003877B2 /* MyDetailController.h */,
				AB5808630FFBD8A3003877B2 /* MyDetailController.m */,
				AB5808640FFBD8A3003877B2 /* Book.h */,
				AB5808650FFBD8A3003877B2 /* Book.m */,
				AB580AD10FFCF315003877B2 /* EditableDetailCell.h */,
				AB580AD20FFCF315003877B2 /* EditableDetailCell.m */,
			);
			path = Classes;
			sourceTree = "<group>";
		};
		19C28FACFE9D520D11CA2CBB /* Products */ = {
			isa = PBXGroup;
			children = (
				1D6058910D05DD3D006BFB54 /* Editable TableView.app */,
			);
			name = Products;
			sourceTree = "<group>";
		};
		29B97314FDCFA39411CA2CEA /* CustomTemplate */ = {
			isa = PBXGroup;
			children = (
				080E96DDFE201D6D7F000001 /* Classes */,
				29B97315FDCFA39411CA2CEA /* Other Sources */,
				29B97317FDCFA39411CA2CEA /* Resources */,
				29B97323FDCFA39411CA2CEA /* Frameworks */,
				19C28FACFE9D520D11CA2CBB /* Products */,
			);
			name = CustomTemplate;
			sourceTree = "<group>";
		};
		29B97315FDCFA39411CA2CEA /* Other Sources */ = {
			isa = PBXGroup;
			children = (
				32CA4F630368D1EE00C91783 /* Editable_TableView_Prefix.pch */,
				29B97316FDCFA39411CA2CEA /* main.m */,
			);
			name = "Other Sources";
			sourceTree = "<group>";
		};
		29B97317FDCFA39411CA2CEA /* Resources */ = {
			isa = PBXGroup;
			children = (
				AB5814101002ADF7003877B2 /* AppIcon.png */,
				AB580AA00FFCEA15003877B2 /* NoImage.png */,
				AB580A7B0FFCE7E9003877B2 /* NoImage.gif */,
				AB580A5F0FFC24AF003877B2 /* Austen.jpg */,
				AB5809FE0FFC15A1003877B2 /* Bacon.jpg */,
				AB5809FF0FFC15A1003877B2 /* Eliot.jpg */,
				AB580A000FFC15A1003877B2 /* Hemingway.jpg */,
				AB580A010FFC15A1003877B2 /* Tolstoy.jpg */,
				8D1107310486CEB800E47090 /* Info.plist */,
				AB5815221003F1D4003877B2 /* Default.png */,
			);
			name = Resources;
			sourceTree = "<group>";
		};
		29B97323FDCFA39411CA2CEA /* Frameworks */ = {
			isa = PBXGroup;
			children = (
				1DF5F4DF0D08C38300B7A737 /* UIKit.framework */,
				1D30AB110D05D00D00671497 /* Foundation.framework */,
				288765FC0DF74451002DB57D /* CoreGraphics.framework */,
			);
			name = Frameworks;
			sourceTree = "<group>";
		};
/* End PBXGroup section */

/* Begin PBXNativeTarget section */
		1D6058900D05DD3D006BFB54 /* Editable TableView */ = {
			isa = PBXNativeTarget;
			buildConfigurationList = 1D6058960D05DD3E006BFB54 /* Build configuration list for PBXNativeTarget "Editable TableView" */;
			buildPhases = (
				1D60588D0D05DD3D006BFB54 /* Resources */,
				1D60588E0D05DD3D006BFB54 /* Sources */,
				1D60588F0D05DD3D006BFB54 /* Frameworks */,
			);
			buildRules = (
			);
			dependencies = (
			);
			name = "Editable TableView";
			productName = "Editable TableView";
			productReference = 1D6058910D05DD3D006BFB54 /* Editable TableView.app */;
			productType = "com.apple.product-type.application";
		};
/* End PBXNativeTarget section */

/* Begin PBXProject section */
		29B97313FDCFA39411CA2CEA /* Project object */ = {
			isa = PBXProject;
			buildConfigurationList = C01FCF4E08A954540054247B /* Build configuration list for PBXProject "Editable TableView" */;
			compatibilityVersion = "Xcode 3.1";
			hasScannedForEncodings = 1;
			mainGroup = 29B97314FDCFA39411CA2CEA /* CustomTemplate */;
			projectDirPath = "";
			projectRoot = "";
			targets = (
				1D6058900D05DD3D006BFB54 /* Editable TableView */,
			);
		};
/* End PBXProject section */

/* Begin PBXResourcesBuildPhase section */
		1D60588D0D05DD3D006BFB54 /* Resources */ = {
			isa = PBXResourcesBuildPhase;
			buildActionMask = 2147483647;
			files = (
				AB580A020FFC15A1003877B2 /* Bacon.jpg in Resources */,
				AB580A030FFC15A1003877B2 /* Eliot.jpg in Resources */,
				AB580A040FFC15A1003877B2 /* Hemingway.jpg in Resources */,
				AB580A050FFC15A1003877B2 /* Tolstoy.jpg in Resources */,
				AB580A600FFC24AF003877B2 /* Austen.jpg in Resources */,
				AB580AA10FFCEA15003877B2 /* NoImage.png in Resources */,
				AB5814111002ADF7003877B2 /* AppIcon.png in Resources */,
				AB5815231003F1D4003877B2 /* Default.png in Resources */,
			);
			runOnlyForDeploymentPostprocessing = 0;
		};
/* End PBXResourcesBuildPhase section */

/* Begin PBXSourcesBuildPhase section */
		1D60588E0D05DD3D006BFB54 /* Sources */ = {
			isa = PBXSourcesBuildPhase;
			buildActionMask = 2147483647;
			files = (
				1D60589B0D05DD56006BFB54 /* main.m in Sources */,
				AB5808680FFBD8A3003877B2 /* MyAppDelegate.m in Sources */,
				AB5808690FFBD8A3003877B2 /* MyListController.m in Sources */,
				AB58086A0FFBD8A3003877B2 /* MyDetailController.m in Sources */,
				AB58086B0FFBD8A3003877B2 /* Book.m in Sources */,
				AB580A300FFC2253003877B2 /* UIImage+Resizing.m in Sources */,
				AB580AD30FFCF315003877B2 /* EditableDetailCell.m in Sources */,
			);
			runOnlyForDeploymentPostprocessing = 0;
		};
/* End PBXSourcesBuildPhase section */

/* Begin XCBuildConfiguration section */
		1D6058940D05DD3E006BFB54 /* Debug */ = {
			isa = XCBuildConfiguration;
			buildSettings = {
				ALWAYS_SEARCH_USER_PATHS = NO;
				COPY_PHASE_STRIP = NO;
				GCC_DYNAMIC_NO_PIC = NO;
				GCC_OPTIMIZATION_LEVEL = 0;
				GCC_PRECOMPILE_PREFIX_HEADER = YES;
				GCC_PREFIX_HEADER = Editable_TableView_Prefix.pch;
				INFOPLIST_FILE = Info.plist;
				PRODUCT_NAME = "Editable TableView";
			};
			name = Debug;
		};
		1D6058950D05DD3E006BFB54 /* Release */ = {
			isa = XCBuildConfiguration;
			buildSettings = {
				ALWAYS_SEARCH_USER_PATHS = NO;
				COPY_PHASE_STRIP = YES;
				GCC_PRECOMPILE_PREFIX_HEADER = YES;
				GCC_PREFIX_HEADER = Editable_TableView_Prefix.pch;
				INFOPLIST_FILE = Info.plist;
				PRODUCT_NAME = "Editable TableView";
			};
			name = Release;
		};
		C01FCF4F08A954540054247B /* Debug */ = {
			isa = XCBuildConfiguration;
			buildSettings = {
				ARCHS = "$(ARCHS_STANDARD_32_BIT)";
				"CODE_SIGN_IDENTITY[sdk=iphoneos*]" = "iPhone Developer";
				GCC_C_LANGUAGE_STANDARD = c99;
				GCC_WARN_ABOUT_RETURN_TYPE = YES;
				GCC_WARN_UNUSED_VARIABLE = YES;
				ONLY_ACTIVE_ARCH = YES;
				PREBINDING = NO;
				SDKROOT = iphoneos2.2;
			};
			name = Debug;
		};
		C01FCF5008A954540054247B /* Release */ = {
			isa = XCBuildConfiguration;
			buildSettings = {
				ARCHS = "$(ARCHS_STANDARD_32_BIT)";
				"CODE_SIGN_IDENTITY[sdk=iphoneos*]" = "iPhone Developer";
				GCC_C_LANGUAGE_STANDARD = c99;
				GCC_WARN_ABOUT_RETURN_TYPE = YES;
				GCC_WARN_UNUSED_VARIABLE = YES;
				PREBINDING = NO;
				SDKROOT = iphoneos2.2;
			};
			name = Release;
		};
/* End XCBuildConfiguration section */

/* Begin XCConfigurationList section */
		1D6058960D05DD3E006BFB54 /* Build configuration list for PBXNativeTarget "Editable TableView" */ = {
			isa = XCConfigurationList;
			buildConfigurations = (
				1D6058940D05DD3E006BFB54 /* Debug */,
				1D6058950D05DD3E006BFB54 /* Release */,
			);
			defaultConfigurationIsVisible = 0;
			defaultConfigurationName = Release;
		};
		C01FCF4E08A954540054247B /* Build configuration list for PBXProject "Editable TableView" */ = {
			isa = XCConfigurationList;
			buildConfigurations = (
				C01FCF4F08A954540054247B /* Debug */,
				C01FCF5008A954540054247B /* Release */,
			);
			defaultConfigurationIsVisible = 0;
			defaultConfigurationName = Release;
		};
/* End XCConfigurationList section */
	};
	rootObject = 29B97313FDCFA39411CA2CEA /* Project object */;
}
